
Microsoft Visual Studio Solution File, Format Version 12.00
# Visual Studio Version 16
VisualStudioVersion = 16.0.29613.14
MinimumVisualStudioVersion = 10.0.40219.1
Project("{FAE04EC0-301F-11D3-BF4B-00C04F79EFBC}") = "RadGrad", "RadGrad\RadGrad.csproj", "{0ED6A6C5-7A78-465A-91D6-00C2E20E69CD}"
EndProject
Global
	GlobalSection(SolutionConfigurationPlatforms) = preSolution
		Debug|Any CPU = Debug|Any CPU
		Release|Any CPU = Release|Any CPU
	EndGlobalSection
	GlobalSection(ProjectConfigurationPlatforms) = postSolution
		{0ED6A6C5-7A78-465A-91D6-00C2E20E69CD}.Debug|Any CPU.ActiveCfg = Debug|Any CPU
		{0ED6A6C5-7A78-465A-91D6-00C2E20E69CD}.Debug|Any CPU.Build.0 = Debug|Any CPU
		{0ED6A6C5-7A78-465A-91D6-00C2E20E69CD}.Release|Any CPU.ActiveCfg = Release|Any CPU
		{0ED6A6C5-7A78-465A-91D6-00C2E20E69CD}.Release|Any CPU.Build.0 = Release|Any CPU
	EndGlobalSection
	GlobalSection(SolutionProperties) = preSolution
		HideSolutionNode = FALSE
	EndGlobalSection
	GlobalSection(ExtensibilityGlobals) = postSolution
		SolutionGuid = {A5501CE2-406C-4C3C-A86D-33ADAC6A0601}
	EndGlobalSection
EndGlobal
